// !$*UTF8*$!
{
	archiveVersion = 1;
	classes = {
	};
	objectVersion = 50;
	objects = {

/* Begin PBXBuildFile section */
		F14965FD2432486E008C1847 /* AppDelegate.swift in Sources */ = {isa = PBXBuildFile; fileRef = F14965FC2432486E008C1847 /* AppDelegate.swift */; };
		F14965FF2432486E008C1847 /* SceneDelegate.swift in Sources */ = {isa = PBXBuildFile; fileRef = F14965FE2432486E008C1847 /* SceneDelegate.swift */; };
		F14966012432486F008C1847 /* ViewController.swift in Sources */ = {isa = PBXBuildFile; fileRef = F14966002432486F008C1847 /* ViewController.swift */; };
		F14966042432486F008C1847 /* Main.storyboard in Resources */ = {isa = PBXBuildFile; fileRef = F14966022432486F008C1847 /* Main.storyboard */; };
		F149660624324870008C1847 /* Assets.xcassets in Resources */ = {isa = PBXBuildFile; fileRef = F149660524324870008C1847 /* Assets.xcassets */; };
		F149660924324870008C1847 /* LaunchScreen.storyboard in Resources */ = {isa = PBXBuildFile; fileRef = F149660724324870008C1847 /* LaunchScreen.storyboard */; };
		F14966132432487B008C1847 /* RefreshControl.swift in Sources */ = {isa = PBXBuildFile; fileRef = F14966102432487B008C1847 /* RefreshControl.swift */; };
		F14966142432487B008C1847 /* RefreshControl+Action.swift in Sources */ = {isa = PBXBuildFile; fileRef = F14966112432487B008C1847 /* RefreshControl+Action.swift */; };
		F14966152432487B008C1847 /* RefreshControl+Typealias.swift in Sources */ = {isa = PBXBuildFile; fileRef = F14966122432487B008C1847 /* RefreshControl+Typealias.swift */; };
/* End PBXBuildFile section */

/* Begin PBXFileReference section */
		F14965FA2432486E008C1847 /* RefreshControlKitExample.app */ = {isa = PBXFileReference; explicitFileType = wrapper.application; includeInIndex = 0; path = RefreshControlKitExample.app; sourceTree = BUILT_PRODUCTS_DIR; };
		F14965FC2432486E008C1847 /* AppDelegate.swift */ = {isa = PBXFileReference; lastKnownFileType = sourcecode.swift; path = AppDelegate.swift; sourceTree = "<group>"; };
		F14965FE2432486E008C1847 /* SceneDelegate.swift */ = {isa = PBXFileReference; lastKnownFileType = sourcecode.swift; path = SceneDelegate.swift; sourceTree = "<group>"; };
		F14966002432486F008C1847 /* ViewController.swift */ = {isa = PBXFileReference; lastKnownFileType = sourcecode.swift; path = ViewController.swift; sourceTree = "<group>"; };
		F14966032432486F008C1847 /* Base */ = {isa = PBXFileReference; lastKnownFileType = file.storyboard; name = Base; path = Base.lproj/Main.storyboard; sourceTree = "<group>"; };
		F149660524324870008C1847 /* Assets.xcassets */ = {isa = PBXFileReference; lastKnownFileType = folder.assetcatalog; path = Assets.xcassets; sourceTree = "<group>"; };
		F149660824324870008C1847 /* Base */ = {isa = PBXFileReference; lastKnownFileType = file.storyboard; name = Base; path = Base.lproj/LaunchScreen.storyboard; sourceTree = "<group>"; };
		F149660A24324870008C1847 /* Info.plist */ = {isa = PBXFileReference; lastKnownFileType = text.plist.xml; path = Info.plist; sourceTree = "<group>"; };
		F14966102432487B008C1847 /* RefreshControl.swift */ = {isa = PBXFileReference; fileEncoding = 4; lastKnownFileType = sourcecode.swift; path = RefreshControl.swift; sourceTree = "<group>"; };
		F14966112432487B008C1847 /* RefreshControl+Action.swift */ = {isa = PBXFileReference; fileEncoding = 4; lastKnownFileType = sourcecode.swift; path = "RefreshControl+Action.swift"; sourceTree = "<group>"; };
		F14966122432487B008C1847 /* RefreshControl+Typealias.swift */ = {isa = PBXFileReference; fileEncoding = 4; lastKnownFileType = sourcecode.swift; path = "RefreshControl+Typealias.swift"; sourceTree = "<group>"; };
/* End PBXFileReference section */

/* Begin PBXFrameworksBuildPhase section */
		F14965F72432486E008C1847 /* Frameworks */ = {
			isa = PBXFrameworksBuildPhase;
			buildActionMask = 2147483647;
			files = (
			);
			runOnlyForDeploymentPostprocessing = 0;
		};
/* End PBXFrameworksBuildPhase section */

/* Begin PBXGroup section */
		F12D0E8E2349CEF2004582FA = {
			isa = PBXGroup;
			children = (
				F149660E2432487B008C1847 /* Sources */,
				F14965FB2432486E008C1847 /* RefreshControlKitExample */,
				F12D0E992349CEF2004582FA /* Products */,
			);
			sourceTree = "<group>";
		};
		F12D0E992349CEF2004582FA /* Products */ = {
			isa = PBXGroup;
			children = (
				F14965FA2432486E008C1847 /* RefreshControlKitExample.app */,
			);
			name = Products;
			sourceTree = "<group>";
		};
		F14965FB2432486E008C1847 /* RefreshControlKitExample */ = {
			isa = PBXGroup;
			children = (
				F14965FC2432486E008C1847 /* AppDelegate.swift */,
				F14965FE2432486E008C1847 /* SceneDelegate.swift */,
				F14966002432486F008C1847 /* ViewController.swift */,
				F14966022432486F008C1847 /* Main.storyboard */,
				F149660524324870008C1847 /* Assets.xcassets */,
				F149660724324870008C1847 /* LaunchScreen.storyboard */,
				F149660A24324870008C1847 /* Info.plist */,
			);
			path = RefreshControlKitExample;
			sourceTree = "<group>";
		};
		F149660E2432487B008C1847 /* Sources */ = {
			isa = PBXGroup;
			children = (
				F149660F2432487B008C1847 /* RefreshControl */,
			);
			path = Sources;
			sourceTree = "<group>";
		};
		F149660F2432487B008C1847 /* RefreshControl */ = {
			isa = PBXGroup;
			children = (
				F14966102432487B008C1847 /* RefreshControl.swift */,
				F14966112432487B008C1847 /* RefreshControl+Action.swift */,
				F14966122432487B008C1847 /* RefreshControl+Typealias.swift */,
			);
			path = RefreshControl;
			sourceTree = "<group>";
		};
/* End PBXGroup section */

/* Begin PBXNativeTarget section */
		F14965F92432486E008C1847 /* RefreshControlKitExample */ = {
			isa = PBXNativeTarget;
			buildConfigurationList = F149660B24324870008C1847 /* Build configuration list for PBXNativeTarget "RefreshControlKitExample" */;
			buildPhases = (
				F14965F62432486E008C1847 /* Sources */,
				F14965F72432486E008C1847 /* Frameworks */,
				F14965F82432486E008C1847 /* Resources */,
			);
			buildRules = (
			);
			dependencies = (
			);
			name = RefreshControlKitExample;
			productName = RefreshControlKitExample;
			productReference = F14965FA2432486E008C1847 /* RefreshControlKitExample.app */;
			productType = "com.apple.product-type.application";
		};
/* End PBXNativeTarget section */

/* Begin PBXProject section */
		F12D0E8F2349CEF2004582FA /* Project object */ = {
			isa = PBXProject;
			attributes = {
				LastSwiftUpdateCheck = 1130;
				LastUpgradeCheck = 1020;
				ORGANIZATIONNAME = FutureLab;
				TargetAttributes = {
					F14965F92432486E008C1847 = {
						CreatedOnToolsVersion = 11.3.1;
					};
				};
			};
			buildConfigurationList = F12D0E922349CEF2004582FA /* Build configuration list for PBXProject "RefreshControlKit" */;
			compatibilityVersion = "Xcode 9.3";
			developmentRegion = en;
			hasScannedForEncodings = 0;
			knownRegions = (
				en,
				Base,
			);
			mainGroup = F12D0E8E2349CEF2004582FA;
			productRefGroup = F12D0E992349CEF2004582FA /* Products */;
			projectDirPath = "";
			projectRoot = "";
			targets = (
				F14965F92432486E008C1847 /* RefreshControlKitExample */,
			);
		};
/* End PBXProject section */

/* Begin PBXResourcesBuildPhase section */
		F14965F82432486E008C1847 /* Resources */ = {
			isa = PBXResourcesBuildPhase;
			buildActionMask = 2147483647;
			files = (
				F149660924324870008C1847 /* LaunchScreen.storyboard in Resources */,
				F149660624324870008C1847 /* Assets.xcassets in Resources */,
				F14966042432486F008C1847 /* Main.storyboard in Resources */,
			);
			runOnlyForDeploymentPostprocessing = 0;
		};
/* End PBXResourcesBuildPhase section */

/* Begin PBXSourcesBuildPhase section */
		F14965F62432486E008C1847 /* Sources */ = {
			isa = PBXSourcesBuildPhase;
			buildActionMask = 2147483647;
			files = (
				F14966012432486F008C1847 /* ViewController.swift in Sources */,
				F14965FD2432486E008C1847 /* AppDelegate.swift in Sources */,
				F14966152432487B008C1847 /* RefreshControl+Typealias.swift in Sources */,
				F14965FF2432486E008C1847 /* SceneDelegate.swift in Sources */,
				F14966132432487B008C1847 /* RefreshControl.swift in Sources */,
				F14966142432487B008C1847 /* RefreshControl+Action.swift in Sources */,
			);
			runOnlyForDeploymentPostprocessing = 0;
		};
/* End PBXSourcesBuildPhase section */

/* Begin PBXVariantGroup section */
		F14966022432486F008C1847 /* Main.storyboard */ = {
			isa = PBXVariantGroup;
			children = (
				F14966032432486F008C1847 /* Base */,
			);
			name = Main.storyboard;
			sourceTree = "<group>";
		};
		F149660724324870008C1847 /* LaunchScreen.storyboard */ = {
			isa = PBXVariantGroup;
			children = (
				F149660824324870008C1847 /* Base */,
			);
			name = LaunchScreen.storyboard;
			sourceTree = "<group>";
		};
/* End PBXVariantGroup section */

/* Begin XCBuildConfiguration section */
		F12D0E9E2349CEF2004582FA /* Debug */ = {
			isa = XCBuildConfiguration;
			buildSettings = {
				ALWAYS_SEARCH_USER_PATHS = NO;
				CLANG_ANALYZER_NONNULL = YES;
				CLANG_ANALYZER_NUMBER_OBJECT_CONVERSION = YES_AGGRESSIVE;
				CLANG_CXX_LANGUAGE_STANDARD = "gnu++14";
				CLANG_CXX_LIBRARY = "libc++";
				CLANG_ENABLE_MODULES = YES;
				CLANG_ENABLE_OBJC_ARC = YES;
				CLANG_ENABLE_OBJC_WEAK = YES;
				CLANG_WARN_BLOCK_CAPTURE_AUTORELEASING = YES;
				CLANG_WARN_BOOL_CONVERSION = YES;
				CLANG_WARN_COMMA = YES;
				CLANG_WARN_CONSTANT_CONVERSION = YES;
				CLANG_WARN_DEPRECATED_OBJC_IMPLEMENTATIONS = YES;
				CLANG_WARN_DIRECT_OBJC_ISA_USAGE = YES_ERROR;
				CLANG_WARN_DOCUMENTATION_COMMENTS = YES;
				CLANG_WARN_EMPTY_BODY = YES;
				CLANG_WARN_ENUM_CONVERSION = YES;
				CLANG_WARN_INFINITE_RECURSION = YES;
				CLANG_WARN_INT_CONVERSION = YES;
				CLANG_WARN_NON_LITERAL_NULL_CONVERSION = YES;
				CLANG_WARN_OBJC_IMPLICIT_RETAIN_SELF = YES;
				CLANG_WARN_OBJC_LITERAL_CONVERSION = YES;
				CLANG_WARN_OBJC_ROOT_CLASS = YES_ERROR;
				CLANG_WARN_RANGE_LOOP_ANALYSIS = YES;
				CLANG_WARN_STRICT_PROTOTYPES = YES;
				CLANG_WARN_SUSPICIOUS_MOVE = YES;
				CLANG_WARN_UNGUARDED_AVAILABILITY = YES_AGGRESSIVE;
				CLANG_WARN_UNREACHABLE_CODE = YES;
				CLANG_WARN__DUPLICATE_METHOD_MATCH = YES;
				CODE_SIGN_IDENTITY = "iPhone Developer";
				COPY_PHASE_STRIP = NO;
				CURRENT_PROJECT_VERSION = 1;
				DEBUG_INFORMATION_FORMAT = dwarf;
				ENABLE_STRICT_OBJC_MSGSEND = YES;
				ENABLE_TESTABILITY = YES;
				GCC_C_LANGUAGE_STANDARD = gnu11;
				GCC_DYNAMIC_NO_PIC = NO;
				GCC_NO_COMMON_BLOCKS = YES;
				GCC_OPTIMIZATION_LEVEL = 0;
				GCC_PREPROCESSOR_DEFINITIONS = (
					"DEBUG=1",
					"$(inherited)",
				);
				GCC_WARN_64_TO_32_BIT_CONVERSION = YES;
				GCC_WARN_ABOUT_RETURN_TYPE = YES_ERROR;
				GCC_WARN_UNDECLARED_SELECTOR = YES;
				GCC_WARN_UNINITIALIZED_AUTOS = YES_AGGRESSIVE;
				GCC_WARN_UNUSED_FUNCTION = YES;
				GCC_WARN_UNUSED_VARIABLE = YES;
				IPHONEOS_DEPLOYMENT_TARGET = 12.2;
				MTL_ENABLE_DEBUG_INFO = INCLUDE_SOURCE;
				MTL_FAST_MATH = YES;
				ONLY_ACTIVE_ARCH = YES;
				SDKROOT = iphoneos;
				SWIFT_ACTIVE_COMPILATION_CONDITIONS = DEBUG;
				SWIFT_OPTIMIZATION_LEVEL = "-Onone";
				VERSIONING_SYSTEM = "apple-generic";
				VERSION_INFO_PREFIX = "";
			};
			name = Debug;
		};
		F12D0E9F2349CEF2004582FA /* Release */ = {
			isa = XCBuildConfiguration;
			buildSettings = {
				ALWAYS_SEARCH_USER_PATHS = NO;
				CLANG_ANALYZER_NONNULL = YES;
				CLANG_ANALYZER_NUMBER_OBJECT_CONVERSION = YES_AGGRESSIVE;
				CLANG_CXX_LANGUAGE_STANDARD = "gnu++14";
				CLANG_CXX_LIBRARY = "libc++";
				CLANG_ENABLE_MODULES = YES;
				CLANG_ENABLE_OBJC_ARC = YES;
				CLANG_ENABLE_OBJC_WEAK = YES;
				CLANG_WARN_BLOCK_CAPTURE_AUTORELEASING = YES;
				CLANG_WARN_BOOL_CONVERSION = YES;
				CLANG_WARN_COMMA = YES;
				CLANG_WARN_CONSTANT_CONVERSION = YES;
				CLANG_WARN_DEPRECATED_OBJC_IMPLEMENTATIONS = YES;
				CLANG_WARN_DIRECT_OBJC_ISA_USAGE = YES_ERROR;
				CLANG_WARN_DOCUMENTATION_COMMENTS = YES;
				CLANG_WARN_EMPTY_BODY = YES;
				CLANG_WARN_ENUM_CONVERSION = YES;
				CLANG_WARN_INFINITE_RECURSION = YES;
				CLANG_WARN_INT_CONVERSION = YES;
				CLANG_WARN_NON_LITERAL_NULL_CONVERSION = YES;
				CLANG_WARN_OBJC_IMPLICIT_RETAIN_SELF = YES;
				CLANG_WARN_OBJC_LITERAL_CONVERSION = YES;
				CLANG_WARN_OBJC_ROOT_CLASS = YES_ERROR;
				CLANG_WARN_RANGE_LOOP_ANALYSIS = YES;
				CLANG_WARN_STRICT_PROTOTYPES = YES;
				CLANG_WARN_SUSPICIOUS_MOVE = YES;
				CLANG_WARN_UNGUARDED_AVAILABILITY = YES_AGGRESSIVE;
				CLANG_WARN_UNREACHABLE_CODE = YES;
				CLANG_WARN__DUPLICATE_METHOD_MATCH = YES;
				CODE_SIGN_IDENTITY = "iPhone Developer";
				COPY_PHASE_STRIP = NO;
				CURRENT_PROJECT_VERSION = 1;
				DEBUG_INFORMATION_FORMAT = "dwarf-with-dsym";
				ENABLE_NS_ASSERTIONS = NO;
				ENABLE_STRICT_OBJC_MSGSEND = YES;
				GCC_C_LANGUAGE_STANDARD = gnu11;
				GCC_NO_COMMON_BLOCKS = YES;
				GCC_WARN_64_TO_32_BIT_CONVERSION = YES;
				GCC_WARN_ABOUT_RETURN_TYPE = YES_ERROR;
				GCC_WARN_UNDECLARED_SELECTOR = YES;
				GCC_WARN_UNINITIALIZED_AUTOS = YES_AGGRESSIVE;
				GCC_WARN_UNUSED_FUNCTION = YES;
				GCC_WARN_UNUSED_VARIABLE = YES;
				IPHONEOS_DEPLOYMENT_TARGET = 12.2;
				MTL_ENABLE_DEBUG_INFO = NO;
				MTL_FAST_MATH = YES;
				SDKROOT = iphoneos;
				SWIFT_COMPILATION_MODE = wholemodule;
				SWIFT_OPTIMIZATION_LEVEL = "-O";
				VALIDATE_PRODUCT = YES;
				VERSIONING_SYSTEM = "apple-generic";
				VERSION_INFO_PREFIX = "";
			};
			name = Release;
		};
		F149660C24324870008C1847 /* Debug */ = {
			isa = XCBuildConfiguration;
			buildSettings = {
				ASSETCATALOG_COMPILER_APPICON_NAME = AppIcon;
				CODE_SIGN_STYLE = Automatic;
				INFOPLIST_FILE = RefreshControlKitExample/Info.plist;
				IPHONEOS_DEPLOYMENT_TARGET = 13.2;
				LD_RUNPATH_SEARCH_PATHS = (
					"$(inherited)",
					"@executable_path/Frameworks",
				);
				PRODUCT_BUNDLE_IDENTIFIER = co.passbook.RefreshControlKitExample;
				PRODUCT_NAME = "$(TARGET_NAME)";
				SWIFT_VERSION = 5.0;
				TARGETED_DEVICE_FAMILY = "1,2";
			};
			name = Debug;
		};
		F149660D24324870008C1847 /* Release */ = {
			isa = XCBuildConfiguration;
			buildSettings = {
				ASSETCATALOG_COMPILER_APPICON_NAME = AppIcon;
				CODE_SIGN_STYLE = Automatic;
				INFOPLIST_FILE = RefreshControlKitExample/Info.plist;
				IPHONEOS_DEPLOYMENT_TARGET = 13.2;
				LD_RUNPATH_SEARCH_PATHS = (
					"$(inherited)",
					"@executable_path/Frameworks",
				);
				PRODUCT_BUNDLE_IDENTIFIER = co.passbook.RefreshControlKitExample;
				PRODUCT_NAME = "$(TARGET_NAME)";
				SWIFT_VERSION = 5.0;
				TARGETED_DEVICE_FAMILY = "1,2";
			};
			name = Release;
		};
/* End XCBuildConfiguration section */

/* Begin XCConfigurationList section */
		F12D0E922349CEF2004582FA /* Build configuration list for PBXProject "RefreshControlKit" */ = {
			isa = XCConfigurationList;
			buildConfigurations = (
				F12D0E9E2349CEF2004582FA /* Debug */,
				F12D0E9F2349CEF2004582FA /* Release */,
			);
			defaultConfigurationIsVisible = 0;
			defaultConfigurationName = Release;
		};
		F149660B24324870008C1847 /* Build configuration list for PBXNativeTarget "RefreshControlKitExample" */ = {
			isa = XCConfigurationList;
			buildConfigurations = (
				F149660C24324870008C1847 /* Debug */,
				F149660D24324870008C1847 /* Release */,
			);
			defaultConfigurationIsVisible = 0;
			defaultConfigurationName = Release;
		};
/* End XCConfigurationList section */
	};
	rootObject = F12D0E8F2349CEF2004582FA /* Project object */;
}
